
Microsoft Visual Studio Solution File, Format Version 12.00
# Visual Studio Version 17
VisualStudioVersion = 17.5.002.0
MinimumVisualStudioVersion = 10.0.40219.1
Project("{9A19103F-16F7-4668-BE54-9A1E7A4F7556}") = "OneToManyRelationShip", "OneToManyRelationShip\OneToManyRelationShip.csproj", "{3CFF26AA-B3E2-43EA-91C8-A1EC42EBD6AF}"
EndProject
Global
	GlobalSection(SolutionConfigurationPlatforms) = preSolution
		Debug|Any CPU = Debug|Any CPU
		Release|Any CPU = Release|Any CPU
	EndGlobalSection
	GlobalSection(ProjectConfigurationPlatforms) = postSolution
		{3CFF26AA-B3E2-43EA-91C8-A1EC42EBD6AF}.Debug|Any CPU.ActiveCfg = Debug|Any CPU
		{3CFF26AA-B3E2-43EA-91C8-A1EC42EBD6AF}.Debug|Any CPU.Build.0 = Debug|Any CPU
		{3CFF26AA-B3E2-43EA-91C8-A1EC42EBD6AF}.Release|Any CPU.ActiveCfg = Release|Any CPU
		{3CFF26AA-B3E2-43EA-91C8-A1EC42EBD6AF}.Release|Any CPU.Build.0 = Release|Any CPU
	EndGlobalSection
	GlobalSection(SolutionProperties) = preSolution
		HideSolutionNode = FALSE
	EndGlobalSection
	GlobalSection(ExtensibilityGlobals) = postSolution
		SolutionGuid = {F6B1AFFB-38E8-4231-87D6-1BA2572016A3}
	EndGlobalSection
EndGlobal
