
Microsoft Visual Studio Solution File, Format Version 12.00
# Visual Studio Version 17
VisualStudioVersion = 17.5.002.0
MinimumVisualStudioVersion = 10.0.40219.1
Project("{9A19103F-16F7-4668-BE54-9A1E7A4F7556}") = "CruDelicious", "CruDelicious\CruDelicious.csproj", "{E9C2F18A-2CA8-43E2-85E8-D3742430507C}"
EndProject
Global
	GlobalSection(SolutionConfigurationPlatforms) = preSolution
		Debug|Any CPU = Debug|Any CPU
		Release|Any CPU = Release|Any CPU
	EndGlobalSection
	GlobalSection(ProjectConfigurationPlatforms) = postSolution
		{E9C2F18A-2CA8-43E2-85E8-D3742430507C}.Debug|Any CPU.ActiveCfg = Debug|Any CPU
		{E9C2F18A-2CA8-43E2-85E8-D3742430507C}.Debug|Any CPU.Build.0 = Debug|Any CPU
		{E9C2F18A-2CA8-43E2-85E8-D3742430507C}.Release|Any CPU.ActiveCfg = Release|Any CPU
		{E9C2F18A-2CA8-43E2-85E8-D3742430507C}.Release|Any CPU.Build.0 = Release|Any CPU
	EndGlobalSection
	GlobalSection(SolutionProperties) = preSolution
		HideSolutionNode = FALSE
	EndGlobalSection
	GlobalSection(ExtensibilityGlobals) = postSolution
		SolutionGuid = {FE26E3C0-8423-4676-B54F-F996E4630696}
	EndGlobalSection
EndGlobal
